
Microsoft Visual Studio Solution File, Format Version 12.00
# Visual Studio Version 16
VisualStudioVersion = 16.0.30621.155
MinimumVisualStudioVersion = 10.0.40219.1
Project("{FAE04EC0-301F-11D3-BF4B-00C04F79EFBC}") = "Task3", "Task3\Task3.csproj", "{76CC16AB-123C-42E8-A72D-241D8518625F}"
EndProject
Global
	GlobalSection(SolutionConfigurationPlatforms) = preSolution
		Debug|Any CPU = Debug|Any CPU
		Release|Any CPU = Release|Any CPU
	EndGlobalSection
	GlobalSection(ProjectConfigurationPlatforms) = postSolution
		{76CC16AB-123C-42E8-A72D-241D8518625F}.Debug|Any CPU.ActiveCfg = Debug|Any CPU
		{76CC16AB-123C-42E8-A72D-241D8518625F}.Debug|Any CPU.Build.0 = Debug|Any CPU
		{76CC16AB-123C-42E8-A72D-241D8518625F}.Release|Any CPU.ActiveCfg = Release|Any CPU
		{76CC16AB-123C-42E8-A72D-241D8518625F}.Release|Any CPU.Build.0 = Release|Any CPU
	EndGlobalSection
	GlobalSection(SolutionProperties) = preSolution
		HideSolutionNode = FALSE
	EndGlobalSection
	GlobalSection(ExtensibilityGlobals) = postSolution
		SolutionGuid = {E9FB0B74-0789-43E1-9C15-AF5BFC6D5058}
	EndGlobalSection
EndGlobal
